github.com/ntruongn/hugo-blox-research-group/modules/blox-core v0.3.1/go.mod h1:So8+V2U+TNxlXmcpZfdDX0muLh3PdJ7z92h30sv3bZg=
github.com/ntruongn/hugo-blox-research-group/modules/blox-plugin-netlify v1.1.1 h1:qlDCZWq7OhuwLr7/rDPXe8iGxam2t1kgLabZ9EP0VqM=
github.com/ntruongn/hugo-blox-research-group/modules/blox-plugin-netlify v1.1.1/go.mod h1:C7jfxMLv1bEUqbM9XDSmEpfOpS8w06OgqNDEcbuRgL4=
github.com/ntruongn/hugo-blox-research-group/modules/blox-seo v0.2.3/go.mod h1:NsESu6cEms1DgH84icCyylElg2Zu8A0f7Fma5JR0LZE=
